
Microsoft Visual Studio Solution File, Format Version 12.00
# Visual Studio 15
VisualStudioVersion = 15.0.28307.136
MinimumVisualStudioVersion = 10.0.40219.1
Project("{FAE04EC0-301F-11D3-BF4B-00C04F79EFBC}") = "GroestlLib", "GroestlLib\GroestlLib.csproj", "{816547E1-67C4-4674-87BE-A181649EE02E}"
EndProject
Project("{FAE04EC0-301F-11D3-BF4B-00C04F79EFBC}") = "Practice", "Practice\Practice.csproj", "{823F2B85-1563-477B-AE63-AD51920D5C73}"
EndProject
Project("{FAE04EC0-301F-11D3-BF4B-00C04F79EFBC}") = "GroestlTests", "GroestlTests\GroestlTests.csproj", "{9FF02812-8DC8-47FB-B1F9-87D53911B62F}"
EndProject
Global
	GlobalSection(SolutionConfigurationPlatforms) = preSolution
		Debug|Any CPU = Debug|Any CPU
		Release|Any CPU = Release|Any CPU
	EndGlobalSection
	GlobalSection(ProjectConfigurationPlatforms) = postSolution
		{816547E1-67C4-4674-87BE-A181649EE02E}.Debug|Any CPU.ActiveCfg = Debug|Any CPU
		{816547E1-67C4-4674-87BE-A181649EE02E}.Debug|Any CPU.Build.0 = Debug|Any CPU
		{816547E1-67C4-4674-87BE-A181649EE02E}.Release|Any CPU.ActiveCfg = Release|Any CPU
		{816547E1-67C4-4674-87BE-A181649EE02E}.Release|Any CPU.Build.0 = Release|Any CPU
		{823F2B85-1563-477B-AE63-AD51920D5C73}.Debug|Any CPU.ActiveCfg = Debug|Any CPU
		{823F2B85-1563-477B-AE63-AD51920D5C73}.Debug|Any CPU.Build.0 = Debug|Any CPU
		{823F2B85-1563-477B-AE63-AD51920D5C73}.Release|Any CPU.ActiveCfg = Release|Any CPU
		{823F2B85-1563-477B-AE63-AD51920D5C73}.Release|Any CPU.Build.0 = Release|Any CPU
		{9FF02812-8DC8-47FB-B1F9-87D53911B62F}.Debug|Any CPU.ActiveCfg = Debug|Any CPU
		{9FF02812-8DC8-47FB-B1F9-87D53911B62F}.Debug|Any CPU.Build.0 = Debug|Any CPU
		{9FF02812-8DC8-47FB-B1F9-87D53911B62F}.Release|Any CPU.ActiveCfg = Release|Any CPU
		{9FF02812-8DC8-47FB-B1F9-87D53911B62F}.Release|Any CPU.Build.0 = Release|Any CPU
	EndGlobalSection
	GlobalSection(SolutionProperties) = preSolution
		HideSolutionNode = FALSE
	EndGlobalSection
	GlobalSection(ExtensibilityGlobals) = postSolution
		SolutionGuid = {82DC8935-934D-4391-885D-227B7CD21FE1}
	EndGlobalSection
EndGlobal
